
Microsoft Visual Studio Solution File, Format Version 12.00
# Visual Studio Version 17
VisualStudioVersion = 17.7.34031.279
MinimumVisualStudioVersion = 10.0.40219.1
Project("{9A19103F-16F7-4668-BE54-9A1E7A4F7556}") = "Hosys.Domain", "Hosys.Domain\Hosys.Domain.csproj", "{01CA30CB-5970-4B5D-A02B-8A97EE5FAEC2}"
EndProject
Project("{9A19103F-16F7-4668-BE54-9A1E7A4F7556}") = "Hosys.Application", "Hosys.Application\Hosys.Application.csproj", "{A5DDBBB7-CC9D-4CDE-AE4F-3E59F98A1C96}"
EndProject
Project("{9A19103F-16F7-4668-BE54-9A1E7A4F7556}") = "Hosys.Security", "Hosys.Security\Hosys.Security.csproj", "{C1C6F5ED-EA16-4473-B63C-35942B46C749}"
EndProject
Project("{9A19103F-16F7-4668-BE54-9A1E7A4F7556}") = "Hosys.Identity", "Hosys.Identity\Hosys.Identity.csproj", "{4F664B41-EFFB-4AB7-88FB-224E9F5B5CE8}"
EndProject
Project("{9A19103F-16F7-4668-BE54-9A1E7A4F7556}") = "Hosys.Logger", "Hosys.Logger\Hosys.Logger.csproj", "{2E009BDC-630C-48B7-9BFD-80B8BF112B7F}"
EndProject
Project("{9A19103F-16F7-4668-BE54-9A1E7A4F7556}") = "Hosys.WebAPI", "Hosys.WebAPI\Hosys.WebAPI.csproj", "{C101A8EA-CA54-4000-94D6-E54A91183A9A}"
EndProject
Project("{9A19103F-16F7-4668-BE54-9A1E7A4F7556}") = "Hosys.Services", "Hosys.Services\Hosys.Services.csproj", "{61E13D0A-8D27-46D5-A304-CD3172F3BA67}"
EndProject
Project("{9A19103F-16F7-4668-BE54-9A1E7A4F7556}") = "Hosys.Persistence", "Hosys.Persistence\Hosys.Persistence.csproj", "{837AC1E6-D80E-4912-AED9-641468151FD4}"
EndProject
Global
	GlobalSection(SolutionConfigurationPlatforms) = preSolution
		Debug|Any CPU = Debug|Any CPU
		Release|Any CPU = Release|Any CPU
	EndGlobalSection
	GlobalSection(ProjectConfigurationPlatforms) = postSolution
		{01CA30CB-5970-4B5D-A02B-8A97EE5FAEC2}.Debug|Any CPU.ActiveCfg = Debug|Any CPU
		{01CA30CB-5970-4B5D-A02B-8A97EE5FAEC2}.Debug|Any CPU.Build.0 = Debug|Any CPU
		{01CA30CB-5970-4B5D-A02B-8A97EE5FAEC2}.Release|Any CPU.ActiveCfg = Release|Any CPU
		{01CA30CB-5970-4B5D-A02B-8A97EE5FAEC2}.Release|Any CPU.Build.0 = Release|Any CPU
		{A5DDBBB7-CC9D-4CDE-AE4F-3E59F98A1C96}.Debug|Any CPU.ActiveCfg = Debug|Any CPU
		{A5DDBBB7-CC9D-4CDE-AE4F-3E59F98A1C96}.Debug|Any CPU.Build.0 = Debug|Any CPU
		{A5DDBBB7-CC9D-4CDE-AE4F-3E59F98A1C96}.Release|Any CPU.ActiveCfg = Release|Any CPU
		{A5DDBBB7-CC9D-4CDE-AE4F-3E59F98A1C96}.Release|Any CPU.Build.0 = Release|Any CPU
		{C1C6F5ED-EA16-4473-B63C-35942B46C749}.Debug|Any CPU.ActiveCfg = Debug|Any CPU
		{C1C6F5ED-EA16-4473-B63C-35942B46C749}.Debug|Any CPU.Build.0 = Debug|Any CPU
		{C1C6F5ED-EA16-4473-B63C-35942B46C749}.Release|Any CPU.ActiveCfg = Release|Any CPU
		{C1C6F5ED-EA16-4473-B63C-35942B46C749}.Release|Any CPU.Build.0 = Release|Any CPU
		{4F664B41-EFFB-4AB7-88FB-224E9F5B5CE8}.Debug|Any CPU.ActiveCfg = Debug|Any CPU
		{4F664B41-EFFB-4AB7-88FB-224E9F5B5CE8}.Debug|Any CPU.Build.0 = Debug|Any CPU
		{4F664B41-EFFB-4AB7-88FB-224E9F5B5CE8}.Release|Any CPU.ActiveCfg = Release|Any CPU
		{4F664B41-EFFB-4AB7-88FB-224E9F5B5CE8}.Release|Any CPU.Build.0 = Release|Any CPU
		{2E009BDC-630C-48B7-9BFD-80B8BF112B7F}.Debug|Any CPU.ActiveCfg = Debug|Any CPU
		{2E009BDC-630C-48B7-9BFD-80B8BF112B7F}.Debug|Any CPU.Build.0 = Debug|Any CPU
		{2E009BDC-630C-48B7-9BFD-80B8BF112B7F}.Release|Any CPU.ActiveCfg = Release|Any CPU
		{2E009BDC-630C-48B7-9BFD-80B8BF112B7F}.Release|Any CPU.Build.0 = Release|Any CPU
		{C101A8EA-CA54-4000-94D6-E54A91183A9A}.Debug|Any CPU.ActiveCfg = Debug|Any CPU
		{C101A8EA-CA54-4000-94D6-E54A91183A9A}.Debug|Any CPU.Build.0 = Debug|Any CPU
		{C101A8EA-CA54-4000-94D6-E54A91183A9A}.Release|Any CPU.ActiveCfg = Release|Any CPU
		{C101A8EA-CA54-4000-94D6-E54A91183A9A}.Release|Any CPU.Build.0 = Release|Any CPU
		{61E13D0A-8D27-46D5-A304-CD3172F3BA67}.Debug|Any CPU.ActiveCfg = Debug|Any CPU
		{61E13D0A-8D27-46D5-A304-CD3172F3BA67}.Debug|Any CPU.Build.0 = Debug|Any CPU
		{61E13D0A-8D27-46D5-A304-CD3172F3BA67}.Release|Any CPU.ActiveCfg = Release|Any CPU
		{61E13D0A-8D27-46D5-A304-CD3172F3BA67}.Release|Any CPU.Build.0 = Release|Any CPU
		{837AC1E6-D80E-4912-AED9-641468151FD4}.Debug|Any CPU.ActiveCfg = Debug|Any CPU
		{837AC1E6-D80E-4912-AED9-641468151FD4}.Debug|Any CPU.Build.0 = Debug|Any CPU
		{837AC1E6-D80E-4912-AED9-641468151FD4}.Release|Any CPU.ActiveCfg = Release|Any CPU
		{837AC1E6-D80E-4912-AED9-641468151FD4}.Release|Any CPU.Build.0 = Release|Any CPU
	EndGlobalSection
	GlobalSection(SolutionProperties) = preSolution
		HideSolutionNode = FALSE
	EndGlobalSection
	GlobalSection(ExtensibilityGlobals) = postSolution
		SolutionGuid = {473640B5-33EF-4A22-A572-1452D70401CB}
	EndGlobalSection
EndGlobal
